
Microsoft Visual Studio Solution File, Format Version 12.00
Project("{FAE04EC0-301F-11D3-BF4B-00C04F79EFBC}") = "OrderFlow.Api", "OrderFlow.Api\OrderFlow.Api.csproj", "{82FC404F-8FEF-48EE-AADC-9A407D560177}"
EndProject
Project("{FAE04EC0-301F-11D3-BF4B-00C04F79EFBC}") = "OrderFlow.Domain", "OrderFlow.Domain\OrderFlow.Domain.csproj", "{96BC7826-AC8C-4575-AED1-B2DA55CEE743}"
EndProject
Project("{FAE04EC0-301F-11D3-BF4B-00C04F79EFBC}") = "OrderFlow.Infrastructure", "OrderFlow.Infrastructure\OrderFlow.Infrastructure.csproj", "{7E7605CF-5AF5-42B4-8030-C87DF6878603}"
EndProject
Project("{FAE04EC0-301F-11D3-BF4B-00C04F79EFBC}") = "OrderFlow.Common", "OrderFlow.Common\OrderFlow.Common.csproj", "{8C25B1D1-7817-4980-A320-597A3DB1FCD2}"
EndProject
Project("{FAE04EC0-301F-11D3-BF4B-00C04F79EFBC}") = "OrderFlow.Application", "OrderFlow.Application\OrderFlow.Application.csproj", "{9CAC016B-83D5-47A0-99DF-69A0FA581781}"
EndProject
Project("{FAE04EC0-301F-11D3-BF4B-00C04F79EFBC}") = "OrderFlow.Presentation", "OrderFlow.Presentation\OrderFlow.Presentation.csproj", "{581BA490-52A0-489E-BEAB-3177E964610A}"
EndProject
Project("{FAE04EC0-301F-11D3-BF4B-00C04F79EFBC}") = "OrderFlow.Tests", "OrderFlow.Tests\OrderFlow.Tests.csproj", "{A3A6432C-7407-42A5-B16F-230F63C7703C}"
EndProject
Global
	GlobalSection(SolutionConfigurationPlatforms) = preSolution
		Debug|Any CPU = Debug|Any CPU
		Release|Any CPU = Release|Any CPU
	EndGlobalSection
	GlobalSection(ProjectConfigurationPlatforms) = postSolution
		{82FC404F-8FEF-48EE-AADC-9A407D560177}.Debug|Any CPU.ActiveCfg = Debug|Any CPU
		{82FC404F-8FEF-48EE-AADC-9A407D560177}.Debug|Any CPU.Build.0 = Debug|Any CPU
		{82FC404F-8FEF-48EE-AADC-9A407D560177}.Release|Any CPU.ActiveCfg = Release|Any CPU
		{82FC404F-8FEF-48EE-AADC-9A407D560177}.Release|Any CPU.Build.0 = Release|Any CPU
		{96BC7826-AC8C-4575-AED1-B2DA55CEE743}.Debug|Any CPU.ActiveCfg = Debug|Any CPU
		{96BC7826-AC8C-4575-AED1-B2DA55CEE743}.Debug|Any CPU.Build.0 = Debug|Any CPU
		{96BC7826-AC8C-4575-AED1-B2DA55CEE743}.Release|Any CPU.ActiveCfg = Release|Any CPU
		{96BC7826-AC8C-4575-AED1-B2DA55CEE743}.Release|Any CPU.Build.0 = Release|Any CPU
		{7E7605CF-5AF5-42B4-8030-C87DF6878603}.Debug|Any CPU.ActiveCfg = Debug|Any CPU
		{7E7605CF-5AF5-42B4-8030-C87DF6878603}.Debug|Any CPU.Build.0 = Debug|Any CPU
		{7E7605CF-5AF5-42B4-8030-C87DF6878603}.Release|Any CPU.ActiveCfg = Release|Any CPU
		{7E7605CF-5AF5-42B4-8030-C87DF6878603}.Release|Any CPU.Build.0 = Release|Any CPU
		{8C25B1D1-7817-4980-A320-597A3DB1FCD2}.Debug|Any CPU.ActiveCfg = Debug|Any CPU
		{8C25B1D1-7817-4980-A320-597A3DB1FCD2}.Debug|Any CPU.Build.0 = Debug|Any CPU
		{8C25B1D1-7817-4980-A320-597A3DB1FCD2}.Release|Any CPU.ActiveCfg = Release|Any CPU
		{8C25B1D1-7817-4980-A320-597A3DB1FCD2}.Release|Any CPU.Build.0 = Release|Any CPU
		{9CAC016B-83D5-47A0-99DF-69A0FA581781}.Debug|Any CPU.ActiveCfg = Debug|Any CPU
		{9CAC016B-83D5-47A0-99DF-69A0FA581781}.Debug|Any CPU.Build.0 = Debug|Any CPU
		{9CAC016B-83D5-47A0-99DF-69A0FA581781}.Release|Any CPU.ActiveCfg = Release|Any CPU
		{9CAC016B-83D5-47A0-99DF-69A0FA581781}.Release|Any CPU.Build.0 = Release|Any CPU
		{581BA490-52A0-489E-BEAB-3177E964610A}.Debug|Any CPU.ActiveCfg = Debug|Any CPU
		{581BA490-52A0-489E-BEAB-3177E964610A}.Debug|Any CPU.Build.0 = Debug|Any CPU
		{581BA490-52A0-489E-BEAB-3177E964610A}.Release|Any CPU.ActiveCfg = Release|Any CPU
		{581BA490-52A0-489E-BEAB-3177E964610A}.Release|Any CPU.Build.0 = Release|Any CPU
		{A3A6432C-7407-42A5-B16F-230F63C7703C}.Debug|Any CPU.ActiveCfg = Debug|Any CPU
		{A3A6432C-7407-42A5-B16F-230F63C7703C}.Debug|Any CPU.Build.0 = Debug|Any CPU
		{A3A6432C-7407-42A5-B16F-230F63C7703C}.Release|Any CPU.ActiveCfg = Release|Any CPU
		{A3A6432C-7407-42A5-B16F-230F63C7703C}.Release|Any CPU.Build.0 = Release|Any CPU
	EndGlobalSection
	GlobalSection(NestedProjects) = preSolution
	EndGlobalSection
EndGlobal
